
Microsoft Visual Studio Solution File, Format Version 12.00
# Visual Studio Version 17
VisualStudioVersion = 17.5.002.0
MinimumVisualStudioVersion = 10.0.40219.1
Project("{9A19103F-16F7-4668-BE54-9A1E7A4F7556}") = "SalesWebMvc", "SalesWebMvc\SalesWebMvc.csproj", "{F3BEA355-5B31-4E42-AD20-A767A103A3F5}"
EndProject
Global
	GlobalSection(SolutionConfigurationPlatforms) = preSolution
		Debug|Any CPU = Debug|Any CPU
		Release|Any CPU = Release|Any CPU
	EndGlobalSection
	GlobalSection(ProjectConfigurationPlatforms) = postSolution
		{F3BEA355-5B31-4E42-AD20-A767A103A3F5}.Debug|Any CPU.ActiveCfg = Debug|Any CPU
		{F3BEA355-5B31-4E42-AD20-A767A103A3F5}.Debug|Any CPU.Build.0 = Debug|Any CPU
		{F3BEA355-5B31-4E42-AD20-A767A103A3F5}.Release|Any CPU.ActiveCfg = Release|Any CPU
		{F3BEA355-5B31-4E42-AD20-A767A103A3F5}.Release|Any CPU.Build.0 = Release|Any CPU
	EndGlobalSection
	GlobalSection(SolutionProperties) = preSolution
		HideSolutionNode = FALSE
	EndGlobalSection
	GlobalSection(ExtensibilityGlobals) = postSolution
		SolutionGuid = {12777F3F-053F-4C3B-845C-48AC8F5F6063}
	EndGlobalSection
EndGlobal
